
Microsoft Visual Studio Solution File, Format Version 12.00
# Visual Studio Version 17
VisualStudioVersion = 17.14.36401.2 d17.14
MinimumVisualStudioVersion = 10.0.40219.1
Project("{FAE04EC0-301F-11D3-BF4B-00C04F79EFBC}") = "bgbahasajerman_RazorClassLibrary", "bgbahasajerman_RazorClassLibrary.csproj", "{6C4E4DDC-7767-4FEE-9696-50D950CB5936}"
EndProject
Global
	GlobalSection(SolutionConfigurationPlatforms) = preSolution
		Debug|Any CPU = Debug|Any CPU
		Release|Any CPU = Release|Any CPU
	EndGlobalSection
	GlobalSection(ProjectConfigurationPlatforms) = postSolution
		{6C4E4DDC-7767-4FEE-9696-50D950CB5936}.Debug|Any CPU.ActiveCfg = Debug|Any CPU
		{6C4E4DDC-7767-4FEE-9696-50D950CB5936}.Debug|Any CPU.Build.0 = Debug|Any CPU
		{6C4E4DDC-7767-4FEE-9696-50D950CB5936}.Release|Any CPU.ActiveCfg = Release|Any CPU
		{6C4E4DDC-7767-4FEE-9696-50D950CB5936}.Release|Any CPU.Build.0 = Release|Any CPU
	EndGlobalSection
	GlobalSection(SolutionProperties) = preSolution
		HideSolutionNode = FALSE
	EndGlobalSection
	GlobalSection(ExtensibilityGlobals) = postSolution
		SolutionGuid = {23E4AFC8-C1F7-447E-A527-ECB83918389A}
	EndGlobalSection
EndGlobal
